
Microsoft Visual Studio Solution File, Format Version 12.00
# Visual Studio Version 16
VisualStudioVersion = 16.0.29503.13
MinimumVisualStudioVersion = 10.0.40219.1
Project("{8BC9CEB8-8B4A-11D0-8D11-00A0C91BC942}") = "二叉树遍历", "二叉树遍历.vcxproj", "{A2971F47-1F7B-4B08-8090-EE7823E1AEAE}"
EndProject
Global
	GlobalSection(SolutionConfigurationPlatforms) = preSolution
		Debug|x64 = Debug|x64
		Debug|x86 = Debug|x86
		Release|x64 = Release|x64
		Release|x86 = Release|x86
	EndGlobalSection
	GlobalSection(ProjectConfigurationPlatforms) = postSolution
		{A2971F47-1F7B-4B08-8090-EE7823E1AEAE}.Debug|x64.ActiveCfg = Debug|x64
		{A2971F47-1F7B-4B08-8090-EE7823E1AEAE}.Debug|x64.Build.0 = Debug|x64
		{A2971F47-1F7B-4B08-8090-EE7823E1AEAE}.Debug|x86.ActiveCfg = Debug|Win32
		{A2971F47-1F7B-4B08-8090-EE7823E1AEAE}.Debug|x86.Build.0 = Debug|Win32
		{A2971F47-1F7B-4B08-8090-EE7823E1AEAE}.Release|x64.ActiveCfg = Release|x64
		{A2971F47-1F7B-4B08-8090-EE7823E1AEAE}.Release|x64.Build.0 = Release|x64
		{A2971F47-1F7B-4B08-8090-EE7823E1AEAE}.Release|x86.ActiveCfg = Release|Win32
		{A2971F47-1F7B-4B08-8090-EE7823E1AEAE}.Release|x86.Build.0 = Release|Win32
	EndGlobalSection
	GlobalSection(SolutionProperties) = preSolution
		HideSolutionNode = FALSE
	EndGlobalSection
	GlobalSection(ExtensibilityGlobals) = postSolution
		SolutionGuid = {C1224BC7-A634-4EC9-AF2E-346B6668719C}
	EndGlobalSection
EndGlobal
